
Microsoft Visual Studio Solution File, Format Version 12.00
# Visual Studio 14
VisualStudioVersion = 14.0.25420.1
MinimumVisualStudioVersion = 10.0.40219.1
Project("{8BC9CEB8-8B4A-11D0-8D11-00A0C91BC942}") = "toy_player", "player\player.vcxproj", "{8DAC44B7-F3F2-435A-8F80-0DCD434766EE}"
EndProject
Project("{8BC9CEB8-8B4A-11D0-8D11-00A0C91BC942}") = "ut_avc_frame_generator", "ut_avc_frame_generator\ut_avc_frame_generator.vcxproj", "{B569937B-CFCD-45F4-86A0-BBB52542E706}"
EndProject
Project("{8BC9CEB8-8B4A-11D0-8D11-00A0C91BC942}") = "ut_d2d_render", "ut_d2d_render\ut_d2d_render.vcxproj", "{AAB6F1D9-54F4-437B-A4D8-688158F512A4}"
EndProject
Project("{8BC9CEB8-8B4A-11D0-8D11-00A0C91BC942}") = "ut_avc_decoder", "ut_avc_decoder\ut_avc_decoder.vcxproj", "{B287FD2B-FF38-4EE2-B5B0-60AF73D67E39}"
EndProject
Global
	GlobalSection(SolutionConfigurationPlatforms) = preSolution
		Debug|x64 = Debug|x64
		Debug|x86 = Debug|x86
		Release|x64 = Release|x64
		Release|x86 = Release|x86
	EndGlobalSection
	GlobalSection(ProjectConfigurationPlatforms) = postSolution
		{8DAC44B7-F3F2-435A-8F80-0DCD434766EE}.Debug|x64.ActiveCfg = Debug|Win32
		{8DAC44B7-F3F2-435A-8F80-0DCD434766EE}.Debug|x86.ActiveCfg = Debug|Win32
		{8DAC44B7-F3F2-435A-8F80-0DCD434766EE}.Debug|x86.Build.0 = Debug|Win32
		{8DAC44B7-F3F2-435A-8F80-0DCD434766EE}.Release|x64.ActiveCfg = Release|Win32
		{8DAC44B7-F3F2-435A-8F80-0DCD434766EE}.Release|x86.ActiveCfg = Release|Win32
		{8DAC44B7-F3F2-435A-8F80-0DCD434766EE}.Release|x86.Build.0 = Release|Win32
		{B569937B-CFCD-45F4-86A0-BBB52542E706}.Debug|x64.ActiveCfg = Debug|x64
		{B569937B-CFCD-45F4-86A0-BBB52542E706}.Debug|x64.Build.0 = Debug|x64
		{B569937B-CFCD-45F4-86A0-BBB52542E706}.Debug|x86.ActiveCfg = Debug|Win32
		{B569937B-CFCD-45F4-86A0-BBB52542E706}.Debug|x86.Build.0 = Debug|Win32
		{B569937B-CFCD-45F4-86A0-BBB52542E706}.Release|x64.ActiveCfg = Release|x64
		{B569937B-CFCD-45F4-86A0-BBB52542E706}.Release|x64.Build.0 = Release|x64
		{B569937B-CFCD-45F4-86A0-BBB52542E706}.Release|x86.ActiveCfg = Release|Win32
		{B569937B-CFCD-45F4-86A0-BBB52542E706}.Release|x86.Build.0 = Release|Win32
		{AAB6F1D9-54F4-437B-A4D8-688158F512A4}.Debug|x64.ActiveCfg = Debug|x64
		{AAB6F1D9-54F4-437B-A4D8-688158F512A4}.Debug|x64.Build.0 = Debug|x64
		{AAB6F1D9-54F4-437B-A4D8-688158F512A4}.Debug|x86.ActiveCfg = Debug|Win32
		{AAB6F1D9-54F4-437B-A4D8-688158F512A4}.Debug|x86.Build.0 = Debug|Win32
		{AAB6F1D9-54F4-437B-A4D8-688158F512A4}.Release|x64.ActiveCfg = Release|x64
		{AAB6F1D9-54F4-437B-A4D8-688158F512A4}.Release|x64.Build.0 = Release|x64
		{AAB6F1D9-54F4-437B-A4D8-688158F512A4}.Release|x86.ActiveCfg = Release|Win32
		{AAB6F1D9-54F4-437B-A4D8-688158F512A4}.Release|x86.Build.0 = Release|Win32
		{B287FD2B-FF38-4EE2-B5B0-60AF73D67E39}.Debug|x64.ActiveCfg = Debug|x64
		{B287FD2B-FF38-4EE2-B5B0-60AF73D67E39}.Debug|x64.Build.0 = Debug|x64
		{B287FD2B-FF38-4EE2-B5B0-60AF73D67E39}.Debug|x86.ActiveCfg = Debug|Win32
		{B287FD2B-FF38-4EE2-B5B0-60AF73D67E39}.Debug|x86.Build.0 = Debug|Win32
		{B287FD2B-FF38-4EE2-B5B0-60AF73D67E39}.Release|x64.ActiveCfg = Release|x64
		{B287FD2B-FF38-4EE2-B5B0-60AF73D67E39}.Release|x64.Build.0 = Release|x64
		{B287FD2B-FF38-4EE2-B5B0-60AF73D67E39}.Release|x86.ActiveCfg = Release|Win32
		{B287FD2B-FF38-4EE2-B5B0-60AF73D67E39}.Release|x86.Build.0 = Release|Win32
	EndGlobalSection
	GlobalSection(SolutionProperties) = preSolution
		HideSolutionNode = FALSE
	EndGlobalSection
EndGlobal
