
Microsoft Visual Studio Solution File, Format Version 12.00
# Visual Studio 15
VisualStudioVersion = 15.0.28307.1622
MinimumVisualStudioVersion = 10.0.40219.1
Project("{8BC9CEB8-8B4A-11D0-8D11-00A0C91BC942}") = "toy_player", "player\player.vcxproj", "{8DAC44B7-F3F2-435A-8F80-0DCD434766EE}"
EndProject
Project("{8BC9CEB8-8B4A-11D0-8D11-00A0C91BC942}") = "ut_avc_frame_generator", "ut_avc_frame_generator\ut_avc_frame_generator.vcxproj", "{B569937B-CFCD-45F4-86A0-BBB52542E706}"
EndProject
Project("{8BC9CEB8-8B4A-11D0-8D11-00A0C91BC942}") = "ut_d2d_render", "ut_d2d_render\ut_d2d_render.vcxproj", "{AAB6F1D9-54F4-437B-A4D8-688158F512A4}"
EndProject
Project("{8BC9CEB8-8B4A-11D0-8D11-00A0C91BC942}") = "ut_avc_decoder", "ut_avc_decoder\ut_avc_decoder.vcxproj", "{B287FD2B-FF38-4EE2-B5B0-60AF73D67E39}"
EndProject
Project("{8BC9CEB8-8B4A-11D0-8D11-00A0C91BC942}") = "video_source", "..\video_source_mf\video_source.vcxproj", "{ACCA2BC2-0686-4DE2-B4F0-133DCFD20C5B}"
EndProject
Global
	GlobalSection(SolutionConfigurationPlatforms) = preSolution
		Debug|x64 = Debug|x64
		Release|x64 = Release|x64
	EndGlobalSection
	GlobalSection(ProjectConfigurationPlatforms) = postSolution
		{8DAC44B7-F3F2-435A-8F80-0DCD434766EE}.Debug|x64.ActiveCfg = Debug|Win32
		{8DAC44B7-F3F2-435A-8F80-0DCD434766EE}.Release|x64.ActiveCfg = Release|Win32
		{B569937B-CFCD-45F4-86A0-BBB52542E706}.Debug|x64.ActiveCfg = Debug|x64
		{B569937B-CFCD-45F4-86A0-BBB52542E706}.Debug|x64.Build.0 = Debug|x64
		{B569937B-CFCD-45F4-86A0-BBB52542E706}.Release|x64.ActiveCfg = Release|x64
		{B569937B-CFCD-45F4-86A0-BBB52542E706}.Release|x64.Build.0 = Release|x64
		{AAB6F1D9-54F4-437B-A4D8-688158F512A4}.Debug|x64.ActiveCfg = Debug|x64
		{AAB6F1D9-54F4-437B-A4D8-688158F512A4}.Debug|x64.Build.0 = Debug|x64
		{AAB6F1D9-54F4-437B-A4D8-688158F512A4}.Release|x64.ActiveCfg = Release|x64
		{AAB6F1D9-54F4-437B-A4D8-688158F512A4}.Release|x64.Build.0 = Release|x64
		{B287FD2B-FF38-4EE2-B5B0-60AF73D67E39}.Debug|x64.ActiveCfg = Debug|x64
		{B287FD2B-FF38-4EE2-B5B0-60AF73D67E39}.Debug|x64.Build.0 = Debug|x64
		{B287FD2B-FF38-4EE2-B5B0-60AF73D67E39}.Release|x64.ActiveCfg = Release|x64
		{B287FD2B-FF38-4EE2-B5B0-60AF73D67E39}.Release|x64.Build.0 = Release|x64
		{ACCA2BC2-0686-4DE2-B4F0-133DCFD20C5B}.Debug|x64.ActiveCfg = Debug|x64
		{ACCA2BC2-0686-4DE2-B4F0-133DCFD20C5B}.Debug|x64.Build.0 = Debug|x64
		{ACCA2BC2-0686-4DE2-B4F0-133DCFD20C5B}.Release|x64.ActiveCfg = Release|x64
		{ACCA2BC2-0686-4DE2-B4F0-133DCFD20C5B}.Release|x64.Build.0 = Release|x64
	EndGlobalSection
	GlobalSection(SolutionProperties) = preSolution
		HideSolutionNode = FALSE
	EndGlobalSection
	GlobalSection(ExtensibilityGlobals) = postSolution
		SolutionGuid = {A5D8E31C-F1E8-42EC-B837-ADD24200ECA9}
	EndGlobalSection
EndGlobal
